
Microsoft Visual Studio Solution File, Format Version 12.00
# Visual Studio Version 16
VisualStudioVersion = 16.0.30503.244
MinimumVisualStudioVersion = 10.0.40219.1
Project("{FAE04EC0-301F-11D3-BF4B-00C04F79EFBC}") = "NI_torpedo", "NI_torpedo\NI_torpedo.csproj", "{C95E3B67-E2D3-4B66-87BA-0DCB3BD23C1C}"
EndProject
Global
	GlobalSection(SolutionConfigurationPlatforms) = preSolution
		Debug|Any CPU = Debug|Any CPU
		Release|Any CPU = Release|Any CPU
	EndGlobalSection
	GlobalSection(ProjectConfigurationPlatforms) = postSolution
		{C95E3B67-E2D3-4B66-87BA-0DCB3BD23C1C}.Debug|Any CPU.ActiveCfg = Debug|Any CPU
		{C95E3B67-E2D3-4B66-87BA-0DCB3BD23C1C}.Debug|Any CPU.Build.0 = Debug|Any CPU
		{C95E3B67-E2D3-4B66-87BA-0DCB3BD23C1C}.Release|Any CPU.ActiveCfg = Release|Any CPU
		{C95E3B67-E2D3-4B66-87BA-0DCB3BD23C1C}.Release|Any CPU.Build.0 = Release|Any CPU
	EndGlobalSection
	GlobalSection(SolutionProperties) = preSolution
		HideSolutionNode = FALSE
	EndGlobalSection
	GlobalSection(ExtensibilityGlobals) = postSolution
		SolutionGuid = {DCDD4E7D-F90F-432D-84B8-522B7C6E7414}
	EndGlobalSection
EndGlobal
